
Microsoft Visual Studio Solution File, Format Version 12.00
# Visual Studio Version 16
VisualStudioVersion = 25.0.1704.1
MinimumVisualStudioVersion = 10.0.40219.1
Project("{FAE04EC0-301F-11D3-BF4B-00C04F79EFBC}") = "A Simiple Task Manger", "A Simiple Task Manger\A Simiple Task Manger.csproj", "{9750185B-EA0C-466B-BFAC-ECCE37DD892A}"
EndProject
Global
	GlobalSection(SolutionConfigurationPlatforms) = preSolution
		Debug|Any CPU = Debug|Any CPU
		Release|Any CPU = Release|Any CPU
	EndGlobalSection
	GlobalSection(ProjectConfigurationPlatforms) = postSolution
		{9750185B-EA0C-466B-BFAC-ECCE37DD892A}.Debug|Any CPU.ActiveCfg = Debug|Any CPU
		{9750185B-EA0C-466B-BFAC-ECCE37DD892A}.Debug|Any CPU.Build.0 = Debug|Any CPU
		{9750185B-EA0C-466B-BFAC-ECCE37DD892A}.Release|Any CPU.ActiveCfg = Release|Any CPU
		{9750185B-EA0C-466B-BFAC-ECCE37DD892A}.Release|Any CPU.Build.0 = Release|Any CPU
	EndGlobalSection
	GlobalSection(SolutionProperties) = preSolution
		HideSolutionNode = FALSE
	EndGlobalSection
	GlobalSection(ExtensibilityGlobals) = postSolution
		SolutionGuid = {087F218A-D900-4A72-A73A-C6FDB91662A9}
	EndGlobalSection
EndGlobal
